
Microsoft Visual Studio Solution File, Format Version 12.00
# Visual Studio 15
VisualStudioVersion = 15.0.28010.2026
MinimumVisualStudioVersion = 10.0.40219.1
Project("{FAE04EC0-301F-11D3-BF4B-00C04F79EFBC}") = "practica3", "practica3\practica3.csproj", "{857DABBB-E572-4328-94A7-DF5895EC6CE3}"
EndProject
Global
	GlobalSection(SolutionConfigurationPlatforms) = preSolution
		Debug|Any CPU = Debug|Any CPU
		Release|Any CPU = Release|Any CPU
	EndGlobalSection
	GlobalSection(ProjectConfigurationPlatforms) = postSolution
		{857DABBB-E572-4328-94A7-DF5895EC6CE3}.Debug|Any CPU.ActiveCfg = Debug|Any CPU
		{857DABBB-E572-4328-94A7-DF5895EC6CE3}.Debug|Any CPU.Build.0 = Debug|Any CPU
		{857DABBB-E572-4328-94A7-DF5895EC6CE3}.Release|Any CPU.ActiveCfg = Release|Any CPU
		{857DABBB-E572-4328-94A7-DF5895EC6CE3}.Release|Any CPU.Build.0 = Release|Any CPU
	EndGlobalSection
	GlobalSection(SolutionProperties) = preSolution
		HideSolutionNode = FALSE
	EndGlobalSection
	GlobalSection(ExtensibilityGlobals) = postSolution
		SolutionGuid = {912CAC5F-E72B-473B-995A-EC17A5A5586F}
	EndGlobalSection
EndGlobal
